// !$*UTF8*$!
{
	archiveVersion = 1;
	classes = {
	};
	objectVersion = 50;
	objects = {

/* Begin PBXBuildFile section */
		25D6B68E2394C50600F713C4 /* AppDelegate.swift in Sources */ = {isa = PBXBuildFile; fileRef = 25D6B68D2394C50600F713C4 /* AppDelegate.swift */; };
		25D6B6902394C50600F713C4 /* SceneDelegate.swift in Sources */ = {isa = PBXBuildFile; fileRef = 25D6B68F2394C50600F713C4 /* SceneDelegate.swift */; };
		25D6B6922394C50600F713C4 /* ViewController.swift in Sources */ = {isa = PBXBuildFile; fileRef = 25D6B6912394C50600F713C4 /* ViewController.swift */; };
		25D6B6952394C50600F713C4 /* Main.storyboard in Resources */ = {isa = PBXBuildFile; fileRef = 25D6B6932394C50600F713C4 /* Main.storyboard */; };
		25D6B6982394C50600F713C4 /* SocDrawr1_1.xcdatamodeld in Sources */ = {isa = PBXBuildFile; fileRef = 25D6B6962394C50600F713C4 /* SocDrawr1_1.xcdatamodeld */; };
		25D6B69A2394C50900F713C4 /* Assets.xcassets in Resources */ = {isa = PBXBuildFile; fileRef = 25D6B6992394C50900F713C4 /* Assets.xcassets */; };
		25D6B69D2394C50900F713C4 /* LaunchScreen.storyboard in Resources */ = {isa = PBXBuildFile; fileRef = 25D6B69B2394C50900F713C4 /* LaunchScreen.storyboard */; };
		25D6B6AA2394C5A600F713C4 /* SockController.swift in Sources */ = {isa = PBXBuildFile; fileRef = 25D6B6A92394C5A600F713C4 /* SockController.swift */; };
		25D6B6AC2394C5CF00F713C4 /* Sock+Convenience.swift in Sources */ = {isa = PBXBuildFile; fileRef = 25D6B6AB2394C5CF00F713C4 /* Sock+Convenience.swift */; };
		25D6B6AE2394C69100F713C4 /* CoreDataStack.swift in Sources */ = {isa = PBXBuildFile; fileRef = 25D6B6AD2394C69100F713C4 /* CoreDataStack.swift */; };
		25D6B6B02394C85D00F713C4 /* SockCollectionViewController.swift in Sources */ = {isa = PBXBuildFile; fileRef = 25D6B6AF2394C85D00F713C4 /* SockCollectionViewController.swift */; };
/* End PBXBuildFile section */

/* Begin PBXFileReference section */
		25D6B68A2394C50600F713C4 /* SocDrawr1.1.app */ = {isa = PBXFileReference; explicitFileType = wrapper.application; includeInIndex = 0; path = SocDrawr1.1.app; sourceTree = BUILT_PRODUCTS_DIR; };
		25D6B68D2394C50600F713C4 /* AppDelegate.swift */ = {isa = PBXFileReference; lastKnownFileType = sourcecode.swift; path = AppDelegate.swift; sourceTree = "<group>"; };
		25D6B68F2394C50600F713C4 /* SceneDelegate.swift */ = {isa = PBXFileReference; lastKnownFileType = sourcecode.swift; path = SceneDelegate.swift; sourceTree = "<group>"; };
		25D6B6912394C50600F713C4 /* ViewController.swift */ = {isa = PBXFileReference; lastKnownFileType = sourcecode.swift; path = ViewController.swift; sourceTree = "<group>"; };
		25D6B6942394C50600F713C4 /* Base */ = {isa = PBXFileReference; lastKnownFileType = file.storyboard; name = Base; path = Base.lproj/Main.storyboard; sourceTree = "<group>"; };
		25D6B6972394C50600F713C4 /* SocDrawr1_1.xcdatamodel */ = {isa = PBXFileReference; lastKnownFileType = wrapper.xcdatamodel; path = SocDrawr1_1.xcdatamodel; sourceTree = "<group>"; };
		25D6B6992394C50900F713C4 /* Assets.xcassets */ = {isa = PBXFileReference; lastKnownFileType = folder.assetcatalog; path = Assets.xcassets; sourceTree = "<group>"; };
		25D6B69C2394C50900F713C4 /* Base */ = {isa = PBXFileReference; lastKnownFileType = file.storyboard; name = Base; path = Base.lproj/LaunchScreen.storyboard; sourceTree = "<group>"; };
		25D6B69E2394C50900F713C4 /* Info.plist */ = {isa = PBXFileReference; lastKnownFileType = text.plist.xml; path = Info.plist; sourceTree = "<group>"; };
		25D6B6A92394C5A600F713C4 /* SockController.swift */ = {isa = PBXFileReference; lastKnownFileType = sourcecode.swift; path = SockController.swift; sourceTree = "<group>"; };
		25D6B6AB2394C5CF00F713C4 /* Sock+Convenience.swift */ = {isa = PBXFileReference; lastKnownFileType = sourcecode.swift; path = "Sock+Convenience.swift"; sourceTree = "<group>"; };
		25D6B6AD2394C69100F713C4 /* CoreDataStack.swift */ = {isa = PBXFileReference; lastKnownFileType = sourcecode.swift; path = CoreDataStack.swift; sourceTree = "<group>"; };
		25D6B6AF2394C85D00F713C4 /* SockCollectionViewController.swift */ = {isa = PBXFileReference; lastKnownFileType = sourcecode.swift; path = SockCollectionViewController.swift; sourceTree = "<group>"; };
/* End PBXFileReference section */

/* Begin PBXFrameworksBuildPhase section */
		25D6B6872394C50600F713C4 /* Frameworks */ = {
			isa = PBXFrameworksBuildPhase;
			buildActionMask = 2147483647;
			files = (
			);
			runOnlyForDeploymentPostprocessing = 0;
		};
/* End PBXFrameworksBuildPhase section */

/* Begin PBXGroup section */
		25D6B6812394C50600F713C4 = {
			isa = PBXGroup;
			children = (
				25D6B68C2394C50600F713C4 /* SocDrawr1.1 */,
				25D6B68B2394C50600F713C4 /* Products */,
			);
			sourceTree = "<group>";
		};
		25D6B68B2394C50600F713C4 /* Products */ = {
			isa = PBXGroup;
			children = (
				25D6B68A2394C50600F713C4 /* SocDrawr1.1.app */,
			);
			name = Products;
			sourceTree = "<group>";
		};
		25D6B68C2394C50600F713C4 /* SocDrawr1.1 */ = {
			isa = PBXGroup;
			children = (
				25D6B6A82394C55F00F713C4 /* UI */,
				25D6B6A72394C53900F713C4 /* Resources */,
				25D6B6A62394C51700F713C4 /* Models */,
				25D6B6A52394C51500F713C4 /* Views */,
				25D6B6A42394C51200F713C4 /* Controllers */,
				25D6B69E2394C50900F713C4 /* Info.plist */,
				25D6B6962394C50600F713C4 /* SocDrawr1_1.xcdatamodeld */,
			);
			path = SocDrawr1.1;
			sourceTree = "<group>";
		};
		25D6B6A42394C51200F713C4 /* Controllers */ = {
			isa = PBXGroup;
			children = (
				25D6B6A92394C5A600F713C4 /* SockController.swift */,
			);
			path = Controllers;
			sourceTree = "<group>";
		};
		25D6B6A52394C51500F713C4 /* Views */ = {
			isa = PBXGroup;
			children = (
				25D6B6AF2394C85D00F713C4 /* SockCollectionViewController.swift */,
			);
			path = Views;
			sourceTree = "<group>";
		};
		25D6B6A62394C51700F713C4 /* Models */ = {
			isa = PBXGroup;
			children = (
				25D6B6AB2394C5CF00F713C4 /* Sock+Convenience.swift */,
			);
			path = Models;
			sourceTree = "<group>";
		};
		25D6B6A72394C53900F713C4 /* Resources */ = {
			isa = PBXGroup;
			children = (
				25D6B68D2394C50600F713C4 /* AppDelegate.swift */,
				25D6B68F2394C50600F713C4 /* SceneDelegate.swift */,
				25D6B6912394C50600F713C4 /* ViewController.swift */,
				25D6B6992394C50900F713C4 /* Assets.xcassets */,
				25D6B69B2394C50900F713C4 /* LaunchScreen.storyboard */,
				25D6B6AD2394C69100F713C4 /* CoreDataStack.swift */,
			);
			path = Resources;
			sourceTree = "<group>";
		};
		25D6B6A82394C55F00F713C4 /* UI */ = {
			isa = PBXGroup;
			children = (
				25D6B6932394C50600F713C4 /* Main.storyboard */,
			);
			path = UI;
			sourceTree = "<group>";
		};
/* End PBXGroup section */

/* Begin PBXNativeTarget section */
		25D6B6892394C50600F713C4 /* SocDrawr1.1 */ = {
			isa = PBXNativeTarget;
			buildConfigurationList = 25D6B6A12394C50900F713C4 /* Build configuration list for PBXNativeTarget "SocDrawr1.1" */;
			buildPhases = (
				25D6B6862394C50600F713C4 /* Sources */,
				25D6B6872394C50600F713C4 /* Frameworks */,
				25D6B6882394C50600F713C4 /* Resources */,
			);
			buildRules = (
			);
			dependencies = (
			);
			name = SocDrawr1.1;
			productName = SocDrawr1.1;
			productReference = 25D6B68A2394C50600F713C4 /* SocDrawr1.1.app */;
			productType = "com.apple.product-type.application";
		};
/* End PBXNativeTarget section */

/* Begin PBXProject section */
		25D6B6822394C50600F713C4 /* Project object */ = {
			isa = PBXProject;
			attributes = {
				LastSwiftUpdateCheck = 1120;
				LastUpgradeCheck = 1120;
				ORGANIZATIONNAME = "Ian Hall";
				TargetAttributes = {
					25D6B6892394C50600F713C4 = {
						CreatedOnToolsVersion = 11.2.1;
					};
				};
			};
			buildConfigurationList = 25D6B6852394C50600F713C4 /* Build configuration list for PBXProject "SocDrawr1.1" */;
			compatibilityVersion = "Xcode 9.3";
			developmentRegion = en;
			hasScannedForEncodings = 0;
			knownRegions = (
				en,
				Base,
			);
			mainGroup = 25D6B6812394C50600F713C4;
			productRefGroup = 25D6B68B2394C50600F713C4 /* Products */;
			projectDirPath = "";
			projectRoot = "";
			targets = (
				25D6B6892394C50600F713C4 /* SocDrawr1.1 */,
			);
		};
/* End PBXProject section */

/* Begin PBXResourcesBuildPhase section */
		25D6B6882394C50600F713C4 /* Resources */ = {
			isa = PBXResourcesBuildPhase;
			buildActionMask = 2147483647;
			files = (
				25D6B69D2394C50900F713C4 /* LaunchScreen.storyboard in Resources */,
				25D6B69A2394C50900F713C4 /* Assets.xcassets in Resources */,
				25D6B6952394C50600F713C4 /* Main.storyboard in Resources */,
			);
			runOnlyForDeploymentPostprocessing = 0;
		};
/* End PBXResourcesBuildPhase section */

/* Begin PBXSourcesBuildPhase section */
		25D6B6862394C50600F713C4 /* Sources */ = {
			isa = PBXSourcesBuildPhase;
			buildActionMask = 2147483647;
			files = (
				25D6B6B02394C85D00F713C4 /* SockCollectionViewController.swift in Sources */,
				25D6B6AE2394C69100F713C4 /* CoreDataStack.swift in Sources */,
				25D6B6922394C50600F713C4 /* ViewController.swift in Sources */,
				25D6B6AA2394C5A600F713C4 /* SockController.swift in Sources */,
				25D6B68E2394C50600F713C4 /* AppDelegate.swift in Sources */,
				25D6B6982394C50600F713C4 /* SocDrawr1_1.xcdatamodeld in Sources */,
				25D6B6902394C50600F713C4 /* SceneDelegate.swift in Sources */,
				25D6B6AC2394C5CF00F713C4 /* Sock+Convenience.swift in Sources */,
			);
			runOnlyForDeploymentPostprocessing = 0;
		};
/* End PBXSourcesBuildPhase section */

/* Begin PBXVariantGroup section */
		25D6B6932394C50600F713C4 /* Main.storyboard */ = {
			isa = PBXVariantGroup;
			children = (
				25D6B6942394C50600F713C4 /* Base */,
			);
			name = Main.storyboard;
			sourceTree = "<group>";
		};
		25D6B69B2394C50900F713C4 /* LaunchScreen.storyboard */ = {
			isa = PBXVariantGroup;
			children = (
				25D6B69C2394C50900F713C4 /* Base */,
			);
			name = LaunchScreen.storyboard;
			sourceTree = "<group>";
		};
/* End PBXVariantGroup section */

/* Begin XCBuildConfiguration section */
		25D6B69F2394C50900F713C4 /* Debug */ = {
			isa = XCBuildConfiguration;
			buildSettings = {
				ALWAYS_SEARCH_USER_PATHS = NO;
				CLANG_ANALYZER_NONNULL = YES;
				CLANG_ANALYZER_NUMBER_OBJECT_CONVERSION = YES_AGGRESSIVE;
				CLANG_CXX_LANGUAGE_STANDARD = "gnu++14";
				CLANG_CXX_LIBRARY = "libc++";
				CLANG_ENABLE_MODULES = YES;
				CLANG_ENABLE_OBJC_ARC = YES;
				CLANG_ENABLE_OBJC_WEAK = YES;
				CLANG_WARN_BLOCK_CAPTURE_AUTORELEASING = YES;
				CLANG_WARN_BOOL_CONVERSION = YES;
				CLANG_WARN_COMMA = YES;
				CLANG_WARN_CONSTANT_CONVERSION = YES;
				CLANG_WARN_DEPRECATED_OBJC_IMPLEMENTATIONS = YES;
				CLANG_WARN_DIRECT_OBJC_ISA_USAGE = YES_ERROR;
				CLANG_WARN_DOCUMENTATION_COMMENTS = YES;
				CLANG_WARN_EMPTY_BODY = YES;
				CLANG_WARN_ENUM_CONVERSION = YES;
				CLANG_WARN_INFINITE_RECURSION = YES;
				CLANG_WARN_INT_CONVERSION = YES;
				CLANG_WARN_NON_LITERAL_NULL_CONVERSION = YES;
				CLANG_WARN_OBJC_IMPLICIT_RETAIN_SELF = YES;
				CLANG_WARN_OBJC_LITERAL_CONVERSION = YES;
				CLANG_WARN_OBJC_ROOT_CLASS = YES_ERROR;
				CLANG_WARN_RANGE_LOOP_ANALYSIS = YES;
				CLANG_WARN_STRICT_PROTOTYPES = YES;
				CLANG_WARN_SUSPICIOUS_MOVE = YES;
				CLANG_WARN_UNGUARDED_AVAILABILITY = YES_AGGRESSIVE;
				CLANG_WARN_UNREACHABLE_CODE = YES;
				CLANG_WARN__DUPLICATE_METHOD_MATCH = YES;
				COPY_PHASE_STRIP = NO;
				DEBUG_INFORMATION_FORMAT = dwarf;
				ENABLE_STRICT_OBJC_MSGSEND = YES;
				ENABLE_TESTABILITY = YES;
				GCC_C_LANGUAGE_STANDARD = gnu11;
				GCC_DYNAMIC_NO_PIC = NO;
				GCC_NO_COMMON_BLOCKS = YES;
				GCC_OPTIMIZATION_LEVEL = 0;
				GCC_PREPROCESSOR_DEFINITIONS = (
					"DEBUG=1",
					"$(inherited)",
				);
				GCC_WARN_64_TO_32_BIT_CONVERSION = YES;
				GCC_WARN_ABOUT_RETURN_TYPE = YES_ERROR;
				GCC_WARN_UNDECLARED_SELECTOR = YES;
				GCC_WARN_UNINITIALIZED_AUTOS = YES_AGGRESSIVE;
				GCC_WARN_UNUSED_FUNCTION = YES;
				GCC_WARN_UNUSED_VARIABLE = YES;
				IPHONEOS_DEPLOYMENT_TARGET = 13.2;
				MTL_ENABLE_DEBUG_INFO = INCLUDE_SOURCE;
				MTL_FAST_MATH = YES;
				ONLY_ACTIVE_ARCH = YES;
				SDKROOT = iphoneos;
				SWIFT_ACTIVE_COMPILATION_CONDITIONS = DEBUG;
				SWIFT_OPTIMIZATION_LEVEL = "-Onone";
			};
			name = Debug;
		};
		25D6B6A02394C50900F713C4 /* Release */ = {
			isa = XCBuildConfiguration;
			buildSettings = {
				ALWAYS_SEARCH_USER_PATHS = NO;
				CLANG_ANALYZER_NONNULL = YES;
				CLANG_ANALYZER_NUMBER_OBJECT_CONVERSION = YES_AGGRESSIVE;
				CLANG_CXX_LANGUAGE_STANDARD = "gnu++14";
				CLANG_CXX_LIBRARY = "libc++";
				CLANG_ENABLE_MODULES = YES;
				CLANG_ENABLE_OBJC_ARC = YES;
				CLANG_ENABLE_OBJC_WEAK = YES;
				CLANG_WARN_BLOCK_CAPTURE_AUTORELEASING = YES;
				CLANG_WARN_BOOL_CONVERSION = YES;
				CLANG_WARN_COMMA = YES;
				CLANG_WARN_CONSTANT_CONVERSION = YES;
				CLANG_WARN_DEPRECATED_OBJC_IMPLEMENTATIONS = YES;
				CLANG_WARN_DIRECT_OBJC_ISA_USAGE = YES_ERROR;
				CLANG_WARN_DOCUMENTATION_COMMENTS = YES;
				CLANG_WARN_EMPTY_BODY = YES;
				CLANG_WARN_ENUM_CONVERSION = YES;
				CLANG_WARN_INFINITE_RECURSION = YES;
				CLANG_WARN_INT_CONVERSION = YES;
				CLANG_WARN_NON_LITERAL_NULL_CONVERSION = YES;
				CLANG_WARN_OBJC_IMPLICIT_RETAIN_SELF = YES;
				CLANG_WARN_OBJC_LITERAL_CONVERSION = YES;
				CLANG_WARN_OBJC_ROOT_CLASS = YES_ERROR;
				CLANG_WARN_RANGE_LOOP_ANALYSIS = YES;
				CLANG_WARN_STRICT_PROTOTYPES = YES;
				CLANG_WARN_SUSPICIOUS_MOVE = YES;
				CLANG_WARN_UNGUARDED_AVAILABILITY = YES_AGGRESSIVE;
				CLANG_WARN_UNREACHABLE_CODE = YES;
				CLANG_WARN__DUPLICATE_METHOD_MATCH = YES;
				COPY_PHASE_STRIP = NO;
				DEBUG_INFORMATION_FORMAT = "dwarf-with-dsym";
				ENABLE_NS_ASSERTIONS = NO;
				ENABLE_STRICT_OBJC_MSGSEND = YES;
				GCC_C_LANGUAGE_STANDARD = gnu11;
				GCC_NO_COMMON_BLOCKS = YES;
				GCC_WARN_64_TO_32_BIT_CONVERSION = YES;
				GCC_WARN_ABOUT_RETURN_TYPE = YES_ERROR;
				GCC_WARN_UNDECLARED_SELECTOR = YES;
				GCC_WARN_UNINITIALIZED_AUTOS = YES_AGGRESSIVE;
				GCC_WARN_UNUSED_FUNCTION = YES;
				GCC_WARN_UNUSED_VARIABLE = YES;
				IPHONEOS_DEPLOYMENT_TARGET = 13.2;
				MTL_ENABLE_DEBUG_INFO = NO;
				MTL_FAST_MATH = YES;
				SDKROOT = iphoneos;
				SWIFT_COMPILATION_MODE = wholemodule;
				SWIFT_OPTIMIZATION_LEVEL = "-O";
				VALIDATE_PRODUCT = YES;
			};
			name = Release;
		};
		25D6B6A22394C50900F713C4 /* Debug */ = {
			isa = XCBuildConfiguration;
			buildSettings = {
				ASSETCATALOG_COMPILER_APPICON_NAME = AppIcon;
				CODE_SIGN_STYLE = Automatic;
				DEVELOPMENT_TEAM = 38AN8KZ7HW;
				INFOPLIST_FILE = SocDrawr1.1/Info.plist;
				LD_RUNPATH_SEARCH_PATHS = (
					"$(inherited)",
					"@executable_path/Frameworks",
				);
				PRODUCT_BUNDLE_IDENTIFIER = "com.IanH411.SocDrawr1-1";
				PRODUCT_NAME = "$(TARGET_NAME)";
				SWIFT_VERSION = 5.0;
				TARGETED_DEVICE_FAMILY = "1,2";
			};
			name = Debug;
		};
		25D6B6A32394C50900F713C4 /* Release */ = {
			isa = XCBuildConfiguration;
			buildSettings = {
				ASSETCATALOG_COMPILER_APPICON_NAME = AppIcon;
				CODE_SIGN_STYLE = Automatic;
				DEVELOPMENT_TEAM = 38AN8KZ7HW;
				INFOPLIST_FILE = SocDrawr1.1/Info.plist;
				LD_RUNPATH_SEARCH_PATHS = (
					"$(inherited)",
					"@executable_path/Frameworks",
				);
				PRODUCT_BUNDLE_IDENTIFIER = "com.IanH411.SocDrawr1-1";
				PRODUCT_NAME = "$(TARGET_NAME)";
				SWIFT_VERSION = 5.0;
				TARGETED_DEVICE_FAMILY = "1,2";
			};
			name = Release;
		};
/* End XCBuildConfiguration section */

/* Begin XCConfigurationList section */
		25D6B6852394C50600F713C4 /* Build configuration list for PBXProject "SocDrawr1.1" */ = {
			isa = XCConfigurationList;
			buildConfigurations = (
				25D6B69F2394C50900F713C4 /* Debug */,
				25D6B6A02394C50900F713C4 /* Release */,
			);
			defaultConfigurationIsVisible = 0;
			defaultConfigurationName = Release;
		};
		25D6B6A12394C50900F713C4 /* Build configuration list for PBXNativeTarget "SocDrawr1.1" */ = {
			isa = XCConfigurationList;
			buildConfigurations = (
				25D6B6A22394C50900F713C4 /* Debug */,
				25D6B6A32394C50900F713C4 /* Release */,
			);
			defaultConfigurationIsVisible = 0;
			defaultConfigurationName = Release;
		};
/* End XCConfigurationList section */

/* Begin XCVersionGroup section */
		25D6B6962394C50600F713C4 /* SocDrawr1_1.xcdatamodeld */ = {
			isa = XCVersionGroup;
			children = (
				25D6B6972394C50600F713C4 /* SocDrawr1_1.xcdatamodel */,
			);
			currentVersion = 25D6B6972394C50600F713C4 /* SocDrawr1_1.xcdatamodel */;
			path = SocDrawr1_1.xcdatamodeld;
			sourceTree = "<group>";
			versionGroupType = wrapper.xcdatamodel;
		};
/* End XCVersionGroup section */
	};
	rootObject = 25D6B6822394C50600F713C4 /* Project object */;
}
