// !$*UTF8*$!
{
	archiveVersion = 1;
	classes = {
	};
	objectVersion = 50;
	objects = {

/* Begin PBXBuildFile section */
		2573D3DB23F452A600675F42 /* AppDelegate.swift in Sources */ = {isa = PBXBuildFile; fileRef = 2573D3DA23F452A600675F42 /* AppDelegate.swift */; };
		2573D3DD23F452A600675F42 /* SceneDelegate.swift in Sources */ = {isa = PBXBuildFile; fileRef = 2573D3DC23F452A600675F42 /* SceneDelegate.swift */; };
		2573D3E223F452A600675F42 /* Main.storyboard in Resources */ = {isa = PBXBuildFile; fileRef = 2573D3E023F452A600675F42 /* Main.storyboard */; };
		2573D3E523F452A600675F42 /* MatchMySocksStoryBoard.xcdatamodeld in Sources */ = {isa = PBXBuildFile; fileRef = 2573D3E323F452A600675F42 /* MatchMySocksStoryBoard.xcdatamodeld */; };
		2573D3E723F452A800675F42 /* Assets.xcassets in Resources */ = {isa = PBXBuildFile; fileRef = 2573D3E623F452A800675F42 /* Assets.xcassets */; };
		2573D3EA23F452A800675F42 /* LaunchScreen.storyboard in Resources */ = {isa = PBXBuildFile; fileRef = 2573D3E823F452A800675F42 /* LaunchScreen.storyboard */; };
		2573D3F823F4549B00675F42 /* SockPair + Convenience.swift in Sources */ = {isa = PBXBuildFile; fileRef = 2573D3F723F4549B00675F42 /* SockPair + Convenience.swift */; };
		2573D3FA23F454B400675F42 /* CoreDataStack.swift in Sources */ = {isa = PBXBuildFile; fileRef = 2573D3F923F454B400675F42 /* CoreDataStack.swift */; };
/* End PBXBuildFile section */

/* Begin PBXFileReference section */
		2573D3D723F452A600675F42 /* MatchMySocksStoryBoard.app */ = {isa = PBXFileReference; explicitFileType = wrapper.application; includeInIndex = 0; path = MatchMySocksStoryBoard.app; sourceTree = BUILT_PRODUCTS_DIR; };
		2573D3DA23F452A600675F42 /* AppDelegate.swift */ = {isa = PBXFileReference; lastKnownFileType = sourcecode.swift; path = AppDelegate.swift; sourceTree = "<group>"; };
		2573D3DC23F452A600675F42 /* SceneDelegate.swift */ = {isa = PBXFileReference; lastKnownFileType = sourcecode.swift; path = SceneDelegate.swift; sourceTree = "<group>"; };
		2573D3E123F452A600675F42 /* Base */ = {isa = PBXFileReference; lastKnownFileType = file.storyboard; name = Base; path = Base.lproj/Main.storyboard; sourceTree = "<group>"; };
		2573D3E423F452A600675F42 /* MatchMySocksStoryBoard.xcdatamodel */ = {isa = PBXFileReference; lastKnownFileType = wrapper.xcdatamodel; path = MatchMySocksStoryBoard.xcdatamodel; sourceTree = "<group>"; };
		2573D3E623F452A800675F42 /* Assets.xcassets */ = {isa = PBXFileReference; lastKnownFileType = folder.assetcatalog; path = Assets.xcassets; sourceTree = "<group>"; };
		2573D3E923F452A800675F42 /* Base */ = {isa = PBXFileReference; lastKnownFileType = file.storyboard; name = Base; path = Base.lproj/LaunchScreen.storyboard; sourceTree = "<group>"; };
		2573D3EB23F452A800675F42 /* Info.plist */ = {isa = PBXFileReference; lastKnownFileType = text.plist.xml; path = Info.plist; sourceTree = "<group>"; };
		2573D3F723F4549B00675F42 /* SockPair + Convenience.swift */ = {isa = PBXFileReference; lastKnownFileType = sourcecode.swift; path = "SockPair + Convenience.swift"; sourceTree = "<group>"; };
		2573D3F923F454B400675F42 /* CoreDataStack.swift */ = {isa = PBXFileReference; lastKnownFileType = sourcecode.swift; path = CoreDataStack.swift; sourceTree = "<group>"; };
/* End PBXFileReference section */

/* Begin PBXFrameworksBuildPhase section */
		2573D3D423F452A600675F42 /* Frameworks */ = {
			isa = PBXFrameworksBuildPhase;
			buildActionMask = 2147483647;
			files = (
			);
			runOnlyForDeploymentPostprocessing = 0;
		};
/* End PBXFrameworksBuildPhase section */

/* Begin PBXGroup section */
		2573D3CE23F452A600675F42 = {
			isa = PBXGroup;
			children = (
				2573D3D923F452A600675F42 /* MatchMySocksStoryBoard */,
				2573D3D823F452A600675F42 /* Products */,
			);
			sourceTree = "<group>";
		};
		2573D3D823F452A600675F42 /* Products */ = {
			isa = PBXGroup;
			children = (
				2573D3D723F452A600675F42 /* MatchMySocksStoryBoard.app */,
			);
			name = Products;
			sourceTree = "<group>";
		};
		2573D3D923F452A600675F42 /* MatchMySocksStoryBoard */ = {
			isa = PBXGroup;
			children = (
				2573D3F423F452CB00675F42 /* UI */,
				2573D3F323F452C700675F42 /* VIewControllers */,
				2573D3F223F452C300675F42 /* Controllers */,
				2573D3F123F452C000675F42 /* Models */,
				2573D3F623F4541000675F42 /* Resources */,
				2573D3EB23F452A800675F42 /* Info.plist */,
				2573D3E323F452A600675F42 /* MatchMySocksStoryBoard.xcdatamodeld */,
			);
			path = MatchMySocksStoryBoard;
			sourceTree = "<group>";
		};
		2573D3F123F452C000675F42 /* Models */ = {
			isa = PBXGroup;
			children = (
				2573D3F723F4549B00675F42 /* SockPair + Convenience.swift */,
			);
			path = Models;
			sourceTree = "<group>";
		};
		2573D3F223F452C300675F42 /* Controllers */ = {
			isa = PBXGroup;
			children = (
			);
			path = Controllers;
			sourceTree = "<group>";
		};
		2573D3F323F452C700675F42 /* VIewControllers */ = {
			isa = PBXGroup;
			children = (
			);
			path = VIewControllers;
			sourceTree = "<group>";
		};
		2573D3F423F452CB00675F42 /* UI */ = {
			isa = PBXGroup;
			children = (
				2573D3E023F452A600675F42 /* Main.storyboard */,
				2573D3E823F452A800675F42 /* LaunchScreen.storyboard */,
			);
			path = UI;
			sourceTree = "<group>";
		};
		2573D3F623F4541000675F42 /* Resources */ = {
			isa = PBXGroup;
			children = (
				2573D3DA23F452A600675F42 /* AppDelegate.swift */,
				2573D3DC23F452A600675F42 /* SceneDelegate.swift */,
				2573D3E623F452A800675F42 /* Assets.xcassets */,
				2573D3F923F454B400675F42 /* CoreDataStack.swift */,
			);
			path = Resources;
			sourceTree = "<group>";
		};
/* End PBXGroup section */

/* Begin PBXNativeTarget section */
		2573D3D623F452A600675F42 /* MatchMySocksStoryBoard */ = {
			isa = PBXNativeTarget;
			buildConfigurationList = 2573D3EE23F452A800675F42 /* Build configuration list for PBXNativeTarget "MatchMySocksStoryBoard" */;
			buildPhases = (
				2573D3D323F452A600675F42 /* Sources */,
				2573D3D423F452A600675F42 /* Frameworks */,
				2573D3D523F452A600675F42 /* Resources */,
			);
			buildRules = (
			);
			dependencies = (
			);
			name = MatchMySocksStoryBoard;
			productName = MatchMySocksStoryBoard;
			productReference = 2573D3D723F452A600675F42 /* MatchMySocksStoryBoard.app */;
			productType = "com.apple.product-type.application";
		};
/* End PBXNativeTarget section */

/* Begin PBXProject section */
		2573D3CF23F452A600675F42 /* Project object */ = {
			isa = PBXProject;
			attributes = {
				LastSwiftUpdateCheck = 1130;
				LastUpgradeCheck = 1130;
				ORGANIZATIONNAME = "Ian Hall";
				TargetAttributes = {
					2573D3D623F452A600675F42 = {
						CreatedOnToolsVersion = 11.3.1;
					};
				};
			};
			buildConfigurationList = 2573D3D223F452A600675F42 /* Build configuration list for PBXProject "MatchMySocksStoryBoard" */;
			compatibilityVersion = "Xcode 9.3";
			developmentRegion = en;
			hasScannedForEncodings = 0;
			knownRegions = (
				en,
				Base,
			);
			mainGroup = 2573D3CE23F452A600675F42;
			productRefGroup = 2573D3D823F452A600675F42 /* Products */;
			projectDirPath = "";
			projectRoot = "";
			targets = (
				2573D3D623F452A600675F42 /* MatchMySocksStoryBoard */,
			);
		};
/* End PBXProject section */

/* Begin PBXResourcesBuildPhase section */
		2573D3D523F452A600675F42 /* Resources */ = {
			isa = PBXResourcesBuildPhase;
			buildActionMask = 2147483647;
			files = (
				2573D3EA23F452A800675F42 /* LaunchScreen.storyboard in Resources */,
				2573D3E723F452A800675F42 /* Assets.xcassets in Resources */,
				2573D3E223F452A600675F42 /* Main.storyboard in Resources */,
			);
			runOnlyForDeploymentPostprocessing = 0;
		};
/* End PBXResourcesBuildPhase section */

/* Begin PBXSourcesBuildPhase section */
		2573D3D323F452A600675F42 /* Sources */ = {
			isa = PBXSourcesBuildPhase;
			buildActionMask = 2147483647;
			files = (
				2573D3FA23F454B400675F42 /* CoreDataStack.swift in Sources */,
				2573D3DB23F452A600675F42 /* AppDelegate.swift in Sources */,
				2573D3E523F452A600675F42 /* MatchMySocksStoryBoard.xcdatamodeld in Sources */,
				2573D3DD23F452A600675F42 /* SceneDelegate.swift in Sources */,
				2573D3F823F4549B00675F42 /* SockPair + Convenience.swift in Sources */,
			);
			runOnlyForDeploymentPostprocessing = 0;
		};
/* End PBXSourcesBuildPhase section */

/* Begin PBXVariantGroup section */
		2573D3E023F452A600675F42 /* Main.storyboard */ = {
			isa = PBXVariantGroup;
			children = (
				2573D3E123F452A600675F42 /* Base */,
			);
			name = Main.storyboard;
			sourceTree = "<group>";
		};
		2573D3E823F452A800675F42 /* LaunchScreen.storyboard */ = {
			isa = PBXVariantGroup;
			children = (
				2573D3E923F452A800675F42 /* Base */,
			);
			name = LaunchScreen.storyboard;
			sourceTree = "<group>";
		};
/* End PBXVariantGroup section */

/* Begin XCBuildConfiguration section */
		2573D3EC23F452A800675F42 /* Debug */ = {
			isa = XCBuildConfiguration;
			buildSettings = {
				ALWAYS_SEARCH_USER_PATHS = NO;
				CLANG_ANALYZER_NONNULL = YES;
				CLANG_ANALYZER_NUMBER_OBJECT_CONVERSION = YES_AGGRESSIVE;
				CLANG_CXX_LANGUAGE_STANDARD = "gnu++14";
				CLANG_CXX_LIBRARY = "libc++";
				CLANG_ENABLE_MODULES = YES;
				CLANG_ENABLE_OBJC_ARC = YES;
				CLANG_ENABLE_OBJC_WEAK = YES;
				CLANG_WARN_BLOCK_CAPTURE_AUTORELEASING = YES;
				CLANG_WARN_BOOL_CONVERSION = YES;
				CLANG_WARN_COMMA = YES;
				CLANG_WARN_CONSTANT_CONVERSION = YES;
				CLANG_WARN_DEPRECATED_OBJC_IMPLEMENTATIONS = YES;
				CLANG_WARN_DIRECT_OBJC_ISA_USAGE = YES_ERROR;
				CLANG_WARN_DOCUMENTATION_COMMENTS = YES;
				CLANG_WARN_EMPTY_BODY = YES;
				CLANG_WARN_ENUM_CONVERSION = YES;
				CLANG_WARN_INFINITE_RECURSION = YES;
				CLANG_WARN_INT_CONVERSION = YES;
				CLANG_WARN_NON_LITERAL_NULL_CONVERSION = YES;
				CLANG_WARN_OBJC_IMPLICIT_RETAIN_SELF = YES;
				CLANG_WARN_OBJC_LITERAL_CONVERSION = YES;
				CLANG_WARN_OBJC_ROOT_CLASS = YES_ERROR;
				CLANG_WARN_RANGE_LOOP_ANALYSIS = YES;
				CLANG_WARN_STRICT_PROTOTYPES = YES;
				CLANG_WARN_SUSPICIOUS_MOVE = YES;
				CLANG_WARN_UNGUARDED_AVAILABILITY = YES_AGGRESSIVE;
				CLANG_WARN_UNREACHABLE_CODE = YES;
				CLANG_WARN__DUPLICATE_METHOD_MATCH = YES;
				COPY_PHASE_STRIP = NO;
				DEBUG_INFORMATION_FORMAT = dwarf;
				ENABLE_STRICT_OBJC_MSGSEND = YES;
				ENABLE_TESTABILITY = YES;
				GCC_C_LANGUAGE_STANDARD = gnu11;
				GCC_DYNAMIC_NO_PIC = NO;
				GCC_NO_COMMON_BLOCKS = YES;
				GCC_OPTIMIZATION_LEVEL = 0;
				GCC_PREPROCESSOR_DEFINITIONS = (
					"DEBUG=1",
					"$(inherited)",
				);
				GCC_WARN_64_TO_32_BIT_CONVERSION = YES;
				GCC_WARN_ABOUT_RETURN_TYPE = YES_ERROR;
				GCC_WARN_UNDECLARED_SELECTOR = YES;
				GCC_WARN_UNINITIALIZED_AUTOS = YES_AGGRESSIVE;
				GCC_WARN_UNUSED_FUNCTION = YES;
				GCC_WARN_UNUSED_VARIABLE = YES;
				IPHONEOS_DEPLOYMENT_TARGET = 13.2;
				MTL_ENABLE_DEBUG_INFO = INCLUDE_SOURCE;
				MTL_FAST_MATH = YES;
				ONLY_ACTIVE_ARCH = YES;
				SDKROOT = iphoneos;
				SWIFT_ACTIVE_COMPILATION_CONDITIONS = DEBUG;
				SWIFT_OPTIMIZATION_LEVEL = "-Onone";
			};
			name = Debug;
		};
		2573D3ED23F452A800675F42 /* Release */ = {
			isa = XCBuildConfiguration;
			buildSettings = {
				ALWAYS_SEARCH_USER_PATHS = NO;
				CLANG_ANALYZER_NONNULL = YES;
				CLANG_ANALYZER_NUMBER_OBJECT_CONVERSION = YES_AGGRESSIVE;
				CLANG_CXX_LANGUAGE_STANDARD = "gnu++14";
				CLANG_CXX_LIBRARY = "libc++";
				CLANG_ENABLE_MODULES = YES;
				CLANG_ENABLE_OBJC_ARC = YES;
				CLANG_ENABLE_OBJC_WEAK = YES;
				CLANG_WARN_BLOCK_CAPTURE_AUTORELEASING = YES;
				CLANG_WARN_BOOL_CONVERSION = YES;
				CLANG_WARN_COMMA = YES;
				CLANG_WARN_CONSTANT_CONVERSION = YES;
				CLANG_WARN_DEPRECATED_OBJC_IMPLEMENTATIONS = YES;
				CLANG_WARN_DIRECT_OBJC_ISA_USAGE = YES_ERROR;
				CLANG_WARN_DOCUMENTATION_COMMENTS = YES;
				CLANG_WARN_EMPTY_BODY = YES;
				CLANG_WARN_ENUM_CONVERSION = YES;
				CLANG_WARN_INFINITE_RECURSION = YES;
				CLANG_WARN_INT_CONVERSION = YES;
				CLANG_WARN_NON_LITERAL_NULL_CONVERSION = YES;
				CLANG_WARN_OBJC_IMPLICIT_RETAIN_SELF = YES;
				CLANG_WARN_OBJC_LITERAL_CONVERSION = YES;
				CLANG_WARN_OBJC_ROOT_CLASS = YES_ERROR;
				CLANG_WARN_RANGE_LOOP_ANALYSIS = YES;
				CLANG_WARN_STRICT_PROTOTYPES = YES;
				CLANG_WARN_SUSPICIOUS_MOVE = YES;
				CLANG_WARN_UNGUARDED_AVAILABILITY = YES_AGGRESSIVE;
				CLANG_WARN_UNREACHABLE_CODE = YES;
				CLANG_WARN__DUPLICATE_METHOD_MATCH = YES;
				COPY_PHASE_STRIP = NO;
				DEBUG_INFORMATION_FORMAT = "dwarf-with-dsym";
				ENABLE_NS_ASSERTIONS = NO;
				ENABLE_STRICT_OBJC_MSGSEND = YES;
				GCC_C_LANGUAGE_STANDARD = gnu11;
				GCC_NO_COMMON_BLOCKS = YES;
				GCC_WARN_64_TO_32_BIT_CONVERSION = YES;
				GCC_WARN_ABOUT_RETURN_TYPE = YES_ERROR;
				GCC_WARN_UNDECLARED_SELECTOR = YES;
				GCC_WARN_UNINITIALIZED_AUTOS = YES_AGGRESSIVE;
				GCC_WARN_UNUSED_FUNCTION = YES;
				GCC_WARN_UNUSED_VARIABLE = YES;
				IPHONEOS_DEPLOYMENT_TARGET = 13.2;
				MTL_ENABLE_DEBUG_INFO = NO;
				MTL_FAST_MATH = YES;
				SDKROOT = iphoneos;
				SWIFT_COMPILATION_MODE = wholemodule;
				SWIFT_OPTIMIZATION_LEVEL = "-O";
				VALIDATE_PRODUCT = YES;
			};
			name = Release;
		};
		2573D3EF23F452A800675F42 /* Debug */ = {
			isa = XCBuildConfiguration;
			buildSettings = {
				ASSETCATALOG_COMPILER_APPICON_NAME = AppIcon;
				CODE_SIGN_STYLE = Automatic;
				DEVELOPMENT_TEAM = 38AN8KZ7HW;
				INFOPLIST_FILE = MatchMySocksStoryBoard/Info.plist;
				LD_RUNPATH_SEARCH_PATHS = (
					"$(inherited)",
					"@executable_path/Frameworks",
				);
				PRODUCT_BUNDLE_IDENTIFIER = com.IanH411.MatchMySocksStoryBoard;
				PRODUCT_NAME = "$(TARGET_NAME)";
				SWIFT_VERSION = 5.0;
				TARGETED_DEVICE_FAMILY = 1;
			};
			name = Debug;
		};
		2573D3F023F452A800675F42 /* Release */ = {
			isa = XCBuildConfiguration;
			buildSettings = {
				ASSETCATALOG_COMPILER_APPICON_NAME = AppIcon;
				CODE_SIGN_STYLE = Automatic;
				DEVELOPMENT_TEAM = 38AN8KZ7HW;
				INFOPLIST_FILE = MatchMySocksStoryBoard/Info.plist;
				LD_RUNPATH_SEARCH_PATHS = (
					"$(inherited)",
					"@executable_path/Frameworks",
				);
				PRODUCT_BUNDLE_IDENTIFIER = com.IanH411.MatchMySocksStoryBoard;
				PRODUCT_NAME = "$(TARGET_NAME)";
				SWIFT_VERSION = 5.0;
				TARGETED_DEVICE_FAMILY = 1;
			};
			name = Release;
		};
/* End XCBuildConfiguration section */

/* Begin XCConfigurationList section */
		2573D3D223F452A600675F42 /* Build configuration list for PBXProject "MatchMySocksStoryBoard" */ = {
			isa = XCConfigurationList;
			buildConfigurations = (
				2573D3EC23F452A800675F42 /* Debug */,
				2573D3ED23F452A800675F42 /* Release */,
			);
			defaultConfigurationIsVisible = 0;
			defaultConfigurationName = Release;
		};
		2573D3EE23F452A800675F42 /* Build configuration list for PBXNativeTarget "MatchMySocksStoryBoard" */ = {
			isa = XCConfigurationList;
			buildConfigurations = (
				2573D3EF23F452A800675F42 /* Debug */,
				2573D3F023F452A800675F42 /* Release */,
			);
			defaultConfigurationIsVisible = 0;
			defaultConfigurationName = Release;
		};
/* End XCConfigurationList section */

/* Begin XCVersionGroup section */
		2573D3E323F452A600675F42 /* MatchMySocksStoryBoard.xcdatamodeld */ = {
			isa = XCVersionGroup;
			children = (
				2573D3E423F452A600675F42 /* MatchMySocksStoryBoard.xcdatamodel */,
			);
			currentVersion = 2573D3E423F452A600675F42 /* MatchMySocksStoryBoard.xcdatamodel */;
			path = MatchMySocksStoryBoard.xcdatamodeld;
			sourceTree = "<group>";
			versionGroupType = wrapper.xcdatamodel;
		};
/* End XCVersionGroup section */
	};
	rootObject = 2573D3CF23F452A600675F42 /* Project object */;
}
